
Microsoft Visual Studio Solution File, Format Version 12.00
# Visual Studio 15
Project("{FAE04EC0-301F-11D3-BF4B-00C04F79EFBC}") = "Assembly-CSharp", "Assembly-CSharp.csproj", "{EBFAF07A-C2EB-359A-6641-9308C22EEEDC}"
EndProject
Project("{FAE04EC0-301F-11D3-BF4B-00C04F79EFBC}") = "Assembly-CSharp-Editor", "Assembly-CSharp-Editor.csproj", "{EE3463DA-32D4-F76A-C192-1702EEEE2272}"
EndProject
Global
	GlobalSection(SolutionConfigurationPlatforms) = preSolution
		Debug|Any CPU = Debug|Any CPU
		Release|Any CPU = Release|Any CPU
	EndGlobalSection
	GlobalSection(ProjectConfigurationPlatforms) = postSolution
		{EBFAF07A-C2EB-359A-6641-9308C22EEEDC}.Debug|Any CPU.ActiveCfg = Debug|Any CPU
		{EBFAF07A-C2EB-359A-6641-9308C22EEEDC}.Debug|Any CPU.Build.0 = Debug|Any CPU
		{EBFAF07A-C2EB-359A-6641-9308C22EEEDC}.Release|Any CPU.ActiveCfg = Release|Any CPU
		{EBFAF07A-C2EB-359A-6641-9308C22EEEDC}.Release|Any CPU.Build.0 = Release|Any CPU
		{EE3463DA-32D4-F76A-C192-1702EEEE2272}.Debug|Any CPU.ActiveCfg = Debug|Any CPU
		{EE3463DA-32D4-F76A-C192-1702EEEE2272}.Debug|Any CPU.Build.0 = Debug|Any CPU
		{EE3463DA-32D4-F76A-C192-1702EEEE2272}.Release|Any CPU.ActiveCfg = Release|Any CPU
		{EE3463DA-32D4-F76A-C192-1702EEEE2272}.Release|Any CPU.Build.0 = Release|Any CPU
	EndGlobalSection
	GlobalSection(SolutionProperties) = preSolution
		HideSolutionNode = FALSE
	EndGlobalSection
EndGlobal
